
Microsoft Visual Studio Solution File, Format Version 12.00
# Visual Studio Version 16
VisualStudioVersion = 16.0.32413.511
MinimumVisualStudioVersion = 10.0.40219.1
Project("{FAE04EC0-301F-11D3-BF4B-00C04F79EFBC}") = "constructorApp", "constructorApp\constructorApp.csproj", "{A50A70E4-00EE-47CF-80F9-D955DF1A1193}"
EndProject
Global
	GlobalSection(SolutionConfigurationPlatforms) = preSolution
		Debug|Any CPU = Debug|Any CPU
		Release|Any CPU = Release|Any CPU
	EndGlobalSection
	GlobalSection(ProjectConfigurationPlatforms) = postSolution
		{A50A70E4-00EE-47CF-80F9-D955DF1A1193}.Debug|Any CPU.ActiveCfg = Debug|Any CPU
		{A50A70E4-00EE-47CF-80F9-D955DF1A1193}.Debug|Any CPU.Build.0 = Debug|Any CPU
		{A50A70E4-00EE-47CF-80F9-D955DF1A1193}.Release|Any CPU.ActiveCfg = Release|Any CPU
		{A50A70E4-00EE-47CF-80F9-D955DF1A1193}.Release|Any CPU.Build.0 = Release|Any CPU
	EndGlobalSection
	GlobalSection(SolutionProperties) = preSolution
		HideSolutionNode = FALSE
	EndGlobalSection
	GlobalSection(ExtensibilityGlobals) = postSolution
		SolutionGuid = {E796F8EC-41E6-429A-9F99-EB42CFE508D2}
	EndGlobalSection
EndGlobal
