
Microsoft Visual Studio Solution File, Format Version 12.00
# Visual Studio Version 16
VisualStudioVersion = 16.0.32413.511
MinimumVisualStudioVersion = 10.0.40219.1
Project("{FAE04EC0-301F-11D3-BF4B-00C04F79EFBC}") = "codeFirstEntityFramework", "codeFirstEntityFramework\codeFirstEntityFramework.csproj", "{F87AC66F-293A-45E0-BCF2-3C1EAFEC8EED}"
EndProject
Global
	GlobalSection(SolutionConfigurationPlatforms) = preSolution
		Debug|Any CPU = Debug|Any CPU
		Release|Any CPU = Release|Any CPU
	EndGlobalSection
	GlobalSection(ProjectConfigurationPlatforms) = postSolution
		{F87AC66F-293A-45E0-BCF2-3C1EAFEC8EED}.Debug|Any CPU.ActiveCfg = Debug|Any CPU
		{F87AC66F-293A-45E0-BCF2-3C1EAFEC8EED}.Debug|Any CPU.Build.0 = Debug|Any CPU
		{F87AC66F-293A-45E0-BCF2-3C1EAFEC8EED}.Release|Any CPU.ActiveCfg = Release|Any CPU
		{F87AC66F-293A-45E0-BCF2-3C1EAFEC8EED}.Release|Any CPU.Build.0 = Release|Any CPU
	EndGlobalSection
	GlobalSection(SolutionProperties) = preSolution
		HideSolutionNode = FALSE
	EndGlobalSection
	GlobalSection(ExtensibilityGlobals) = postSolution
		SolutionGuid = {FB3DE58A-243D-40B6-873A-31E5504B36AD}
	EndGlobalSection
EndGlobal
