
Microsoft Visual Studio Solution File, Format Version 12.00
# Visual Studio Version 16
VisualStudioVersion = 16.0.32413.511
MinimumVisualStudioVersion = 10.0.40219.1
Project("{FAE04EC0-301F-11D3-BF4B-00C04F79EFBC}") = "aspAzureChallengeApp", "aspAzureChallengeApp\aspAzureChallengeApp.csproj", "{93C133CA-6B84-4992-92D3-43C773853A0C}"
EndProject
Global
	GlobalSection(SolutionConfigurationPlatforms) = preSolution
		Debug|Any CPU = Debug|Any CPU
		Release|Any CPU = Release|Any CPU
	EndGlobalSection
	GlobalSection(ProjectConfigurationPlatforms) = postSolution
		{93C133CA-6B84-4992-92D3-43C773853A0C}.Debug|Any CPU.ActiveCfg = Debug|Any CPU
		{93C133CA-6B84-4992-92D3-43C773853A0C}.Debug|Any CPU.Build.0 = Debug|Any CPU
		{93C133CA-6B84-4992-92D3-43C773853A0C}.Release|Any CPU.ActiveCfg = Release|Any CPU
		{93C133CA-6B84-4992-92D3-43C773853A0C}.Release|Any CPU.Build.0 = Release|Any CPU
	EndGlobalSection
	GlobalSection(SolutionProperties) = preSolution
		HideSolutionNode = FALSE
	EndGlobalSection
	GlobalSection(ExtensibilityGlobals) = postSolution
		SolutionGuid = {797CE41E-E126-414E-9F91-BC9E625071FE}
	EndGlobalSection
EndGlobal
