
Microsoft Visual Studio Solution File, Format Version 12.00
# Visual Studio Version 16
VisualStudioVersion = 16.0.32413.511
MinimumVisualStudioVersion = 10.0.40219.1
Project("{FAE04EC0-301F-11D3-BF4B-00C04F79EFBC}") = "twentyOne", "twentyOne\twentyOne.csproj", "{89CC4057-BF36-4DF5-A9AC-74BD27A44C34}"
EndProject
Project("{FAE04EC0-301F-11D3-BF4B-00C04F79EFBC}") = "TheCasino", "TheCasino\TheCasino.csproj", "{BA0D51F9-E46D-4BF3-8E2A-137F64EAA333}"
EndProject
Global
	GlobalSection(SolutionConfigurationPlatforms) = preSolution
		Debug|Any CPU = Debug|Any CPU
		Release|Any CPU = Release|Any CPU
	EndGlobalSection
	GlobalSection(ProjectConfigurationPlatforms) = postSolution
		{89CC4057-BF36-4DF5-A9AC-74BD27A44C34}.Debug|Any CPU.ActiveCfg = Debug|Any CPU
		{89CC4057-BF36-4DF5-A9AC-74BD27A44C34}.Debug|Any CPU.Build.0 = Debug|Any CPU
		{89CC4057-BF36-4DF5-A9AC-74BD27A44C34}.Release|Any CPU.ActiveCfg = Release|Any CPU
		{89CC4057-BF36-4DF5-A9AC-74BD27A44C34}.Release|Any CPU.Build.0 = Release|Any CPU
		{BA0D51F9-E46D-4BF3-8E2A-137F64EAA333}.Debug|Any CPU.ActiveCfg = Debug|Any CPU
		{BA0D51F9-E46D-4BF3-8E2A-137F64EAA333}.Debug|Any CPU.Build.0 = Debug|Any CPU
		{BA0D51F9-E46D-4BF3-8E2A-137F64EAA333}.Release|Any CPU.ActiveCfg = Release|Any CPU
		{BA0D51F9-E46D-4BF3-8E2A-137F64EAA333}.Release|Any CPU.Build.0 = Release|Any CPU
	EndGlobalSection
	GlobalSection(SolutionProperties) = preSolution
		HideSolutionNode = FALSE
	EndGlobalSection
	GlobalSection(ExtensibilityGlobals) = postSolution
		SolutionGuid = {84330C64-4766-472C-AEAE-0094BACF070A}
	EndGlobalSection
EndGlobal
