
Microsoft Visual Studio Solution File, Format Version 12.00
# Visual Studio Version 16
VisualStudioVersion = 16.0.32413.511
MinimumVisualStudioVersion = 10.0.40219.1
Project("{FAE04EC0-301F-11D3-BF4B-00C04F79EFBC}") = "arrayAndListApp", "arrayAndListApp\arrayAndListApp.csproj", "{39714B76-B549-4434-AF37-28CCDBF4FD3A}"
EndProject
Global
	GlobalSection(SolutionConfigurationPlatforms) = preSolution
		Debug|Any CPU = Debug|Any CPU
		Release|Any CPU = Release|Any CPU
	EndGlobalSection
	GlobalSection(ProjectConfigurationPlatforms) = postSolution
		{39714B76-B549-4434-AF37-28CCDBF4FD3A}.Debug|Any CPU.ActiveCfg = Debug|Any CPU
		{39714B76-B549-4434-AF37-28CCDBF4FD3A}.Debug|Any CPU.Build.0 = Debug|Any CPU
		{39714B76-B549-4434-AF37-28CCDBF4FD3A}.Release|Any CPU.ActiveCfg = Release|Any CPU
		{39714B76-B549-4434-AF37-28CCDBF4FD3A}.Release|Any CPU.Build.0 = Release|Any CPU
	EndGlobalSection
	GlobalSection(SolutionProperties) = preSolution
		HideSolutionNode = FALSE
	EndGlobalSection
	GlobalSection(ExtensibilityGlobals) = postSolution
		SolutionGuid = {630FA43E-96F6-40CD-8E30-A782C5B0DBF2}
	EndGlobalSection
EndGlobal
