
Microsoft Visual Studio Solution File, Format Version 12.00
# Visual Studio Version 16
VisualStudioVersion = 16.0.32413.511
MinimumVisualStudioVersion = 10.0.40219.1
Project("{FAE04EC0-301F-11D3-BF4B-00C04F79EFBC}") = "exceptionHandling", "exceptionHandling\exceptionHandling.csproj", "{B8126CD0-F4C1-494B-9C81-5C665CBEF6C6}"
EndProject
Global
	GlobalSection(SolutionConfigurationPlatforms) = preSolution
		Debug|Any CPU = Debug|Any CPU
		Release|Any CPU = Release|Any CPU
	EndGlobalSection
	GlobalSection(ProjectConfigurationPlatforms) = postSolution
		{B8126CD0-F4C1-494B-9C81-5C665CBEF6C6}.Debug|Any CPU.ActiveCfg = Debug|Any CPU
		{B8126CD0-F4C1-494B-9C81-5C665CBEF6C6}.Debug|Any CPU.Build.0 = Debug|Any CPU
		{B8126CD0-F4C1-494B-9C81-5C665CBEF6C6}.Release|Any CPU.ActiveCfg = Release|Any CPU
		{B8126CD0-F4C1-494B-9C81-5C665CBEF6C6}.Release|Any CPU.Build.0 = Release|Any CPU
	EndGlobalSection
	GlobalSection(SolutionProperties) = preSolution
		HideSolutionNode = FALSE
	EndGlobalSection
	GlobalSection(ExtensibilityGlobals) = postSolution
		SolutionGuid = {91FF213B-3A2D-4241-9FC7-D31FDAA647E2}
	EndGlobalSection
EndGlobal
