
Microsoft Visual Studio Solution File, Format Version 12.00
# Visual Studio Version 16
VisualStudioVersion = 16.0.32413.511
MinimumVisualStudioVersion = 10.0.40219.1
Project("{FAE04EC0-301F-11D3-BF4B-00C04F79EFBC}") = "methodClass", "methodClass\methodClass.csproj", "{FC0FFC42-D7E7-454B-8C07-E72AE70C4F11}"
EndProject
Global
	GlobalSection(SolutionConfigurationPlatforms) = preSolution
		Debug|Any CPU = Debug|Any CPU
		Release|Any CPU = Release|Any CPU
	EndGlobalSection
	GlobalSection(ProjectConfigurationPlatforms) = postSolution
		{FC0FFC42-D7E7-454B-8C07-E72AE70C4F11}.Debug|Any CPU.ActiveCfg = Debug|Any CPU
		{FC0FFC42-D7E7-454B-8C07-E72AE70C4F11}.Debug|Any CPU.Build.0 = Debug|Any CPU
		{FC0FFC42-D7E7-454B-8C07-E72AE70C4F11}.Release|Any CPU.ActiveCfg = Release|Any CPU
		{FC0FFC42-D7E7-454B-8C07-E72AE70C4F11}.Release|Any CPU.Build.0 = Release|Any CPU
	EndGlobalSection
	GlobalSection(SolutionProperties) = preSolution
		HideSolutionNode = FALSE
	EndGlobalSection
	GlobalSection(ExtensibilityGlobals) = postSolution
		SolutionGuid = {FE53840A-8B29-46D9-9B9D-CD3406926D78}
	EndGlobalSection
EndGlobal
