
Microsoft Visual Studio Solution File, Format Version 12.00
# Visual Studio Version 16
VisualStudioVersion = 16.0.32413.511
MinimumVisualStudioVersion = 10.0.40219.1
Project("{FAE04EC0-301F-11D3-BF4B-00C04F79EFBC}") = "abstractClass", "abstractClass\abstractClass.csproj", "{3CF33D8B-5358-4F59-B8A2-71A81F3A214C}"
EndProject
Global
	GlobalSection(SolutionConfigurationPlatforms) = preSolution
		Debug|Any CPU = Debug|Any CPU
		Release|Any CPU = Release|Any CPU
	EndGlobalSection
	GlobalSection(ProjectConfigurationPlatforms) = postSolution
		{3CF33D8B-5358-4F59-B8A2-71A81F3A214C}.Debug|Any CPU.ActiveCfg = Debug|Any CPU
		{3CF33D8B-5358-4F59-B8A2-71A81F3A214C}.Debug|Any CPU.Build.0 = Debug|Any CPU
		{3CF33D8B-5358-4F59-B8A2-71A81F3A214C}.Release|Any CPU.ActiveCfg = Release|Any CPU
		{3CF33D8B-5358-4F59-B8A2-71A81F3A214C}.Release|Any CPU.Build.0 = Release|Any CPU
	EndGlobalSection
	GlobalSection(SolutionProperties) = preSolution
		HideSolutionNode = FALSE
	EndGlobalSection
	GlobalSection(ExtensibilityGlobals) = postSolution
		SolutionGuid = {8736EBC8-F12E-4CA4-B161-830A9A115C39}
	EndGlobalSection
EndGlobal
